
Microsoft Visual Studio Solution File, Format Version 12.00
# Visual Studio Version 17
VisualStudioVersion = 17.0.31815.197
MinimumVisualStudioVersion = 10.0.40219.1
Project("{FAE04EC0-301F-11D3-BF4B-00C04F79EFBC}") = "LogisticsSystem", "LogisticsSystem\LogisticsSystem.csproj", "{8900CDDF-3659-4C22-AC2B-65DF881DB322}"
EndProject
Global
	GlobalSection(SolutionConfigurationPlatforms) = preSolution
		Debug|Any CPU = Debug|Any CPU
		Release|Any CPU = Release|Any CPU
	EndGlobalSection
	GlobalSection(ProjectConfigurationPlatforms) = postSolution
		{8900CDDF-3659-4C22-AC2B-65DF881DB322}.Debug|Any CPU.ActiveCfg = Debug|Any CPU
		{8900CDDF-3659-4C22-AC2B-65DF881DB322}.Debug|Any CPU.Build.0 = Debug|Any CPU
		{8900CDDF-3659-4C22-AC2B-65DF881DB322}.Release|Any CPU.ActiveCfg = Release|Any CPU
		{8900CDDF-3659-4C22-AC2B-65DF881DB322}.Release|Any CPU.Build.0 = Release|Any CPU
	EndGlobalSection
	GlobalSection(SolutionProperties) = preSolution
		HideSolutionNode = FALSE
	EndGlobalSection
	GlobalSection(ExtensibilityGlobals) = postSolution
		SolutionGuid = {E82FF454-9FE6-4DA2-8CD6-890B8A959510}
	EndGlobalSection
EndGlobal
